
Microsoft Visual Studio Solution File, Format Version 12.00
# Visual Studio Version 17
VisualStudioVersion = 17.7.34031.279
MinimumVisualStudioVersion = 10.0.40219.1
Project("{FAE04EC0-301F-11D3-BF4B-00C04F79EFBC}") = "HashAndReturnComplexHashingValue", "HashAndReturnComplexHashingValue\HashAndReturnComplexHashingValue.csproj", "{92B54CAB-3C6E-4608-B10D-D72F6541AF08}"
EndProject
Project("{9A19103F-16F7-4668-BE54-9A1E7A4F7556}") = "CaesarCipher", "CaesarCipher\CaesarCipher.csproj", "{F699429A-4A3E-46F2-B4E9-E4B7713BEFC0}"
EndProject
Project("{888888A0-9F3D-457C-B088-3A5042F75D52}") = "Ciphers.Py", "CaysarCipher.Py\Ciphers.Py.pyproj", "{2E745B5E-E1D7-4DEA-932B-F4A5BB65235D}"
EndProject
Project("{888888A0-9F3D-457C-B088-3A5042F75D52}") = "SubstitutionCipher.Py", "SubstitutionCipher\SubstitutionCipher.Py.pyproj", "{A69D65A2-AE0D-4660-9A9E-DADD31908997}"
EndProject
Project("{9A19103F-16F7-4668-BE54-9A1E7A4F7556}") = "SubstitutionCipher.CSharp", "SubstitutionCipher.CSharp\SubstitutionCipher.CSharp.csproj", "{C6223E2F-C6E5-43CD-9E41-DE9476B666A8}"
EndProject
Project("{9A19103F-16F7-4668-BE54-9A1E7A4F7556}") = "OneTimePad.CSharp", "OneTimePad.CSharp\OneTimePad.CSharp.csproj", "{0942C43D-C966-4DC3-809F-D40FCA6CBBCD}"
EndProject
Project("{888888A0-9F3D-457C-B088-3A5042F75D52}") = "OneTimePad.Python", "OneTimePad.Python\OneTimePad.Python.pyproj", "{174C114D-95AF-43F9-A052-C76A6C9CD8CC}"
EndProject
Project("{888888A0-9F3D-457C-B088-3A5042F75D52}") = "StreamCipher", "StreamCipher\StreamCipher.pyproj", "{1CEFC7DC-BF36-4552-902B-268341774E40}"
EndProject
Project("{888888A0-9F3D-457C-B088-3A5042F75D52}") = "BlockCipher", "BlockCipher\BlockCipher.pyproj", "{E77E7D15-A741-4322-9C44-ED836253D94E}"
EndProject
Global
	GlobalSection(SolutionConfigurationPlatforms) = preSolution
		Debug|Any CPU = Debug|Any CPU
		Release|Any CPU = Release|Any CPU
	EndGlobalSection
	GlobalSection(ProjectConfigurationPlatforms) = postSolution
		{92B54CAB-3C6E-4608-B10D-D72F6541AF08}.Debug|Any CPU.ActiveCfg = Debug|Any CPU
		{92B54CAB-3C6E-4608-B10D-D72F6541AF08}.Debug|Any CPU.Build.0 = Debug|Any CPU
		{92B54CAB-3C6E-4608-B10D-D72F6541AF08}.Release|Any CPU.ActiveCfg = Release|Any CPU
		{92B54CAB-3C6E-4608-B10D-D72F6541AF08}.Release|Any CPU.Build.0 = Release|Any CPU
		{F699429A-4A3E-46F2-B4E9-E4B7713BEFC0}.Debug|Any CPU.ActiveCfg = Debug|Any CPU
		{F699429A-4A3E-46F2-B4E9-E4B7713BEFC0}.Debug|Any CPU.Build.0 = Debug|Any CPU
		{F699429A-4A3E-46F2-B4E9-E4B7713BEFC0}.Release|Any CPU.ActiveCfg = Release|Any CPU
		{F699429A-4A3E-46F2-B4E9-E4B7713BEFC0}.Release|Any CPU.Build.0 = Release|Any CPU
		{2E745B5E-E1D7-4DEA-932B-F4A5BB65235D}.Debug|Any CPU.ActiveCfg = Debug|Any CPU
		{2E745B5E-E1D7-4DEA-932B-F4A5BB65235D}.Release|Any CPU.ActiveCfg = Release|Any CPU
		{A69D65A2-AE0D-4660-9A9E-DADD31908997}.Debug|Any CPU.ActiveCfg = Debug|Any CPU
		{A69D65A2-AE0D-4660-9A9E-DADD31908997}.Release|Any CPU.ActiveCfg = Release|Any CPU
		{C6223E2F-C6E5-43CD-9E41-DE9476B666A8}.Debug|Any CPU.ActiveCfg = Debug|Any CPU
		{C6223E2F-C6E5-43CD-9E41-DE9476B666A8}.Debug|Any CPU.Build.0 = Debug|Any CPU
		{C6223E2F-C6E5-43CD-9E41-DE9476B666A8}.Release|Any CPU.ActiveCfg = Release|Any CPU
		{C6223E2F-C6E5-43CD-9E41-DE9476B666A8}.Release|Any CPU.Build.0 = Release|Any CPU
		{0942C43D-C966-4DC3-809F-D40FCA6CBBCD}.Debug|Any CPU.ActiveCfg = Debug|Any CPU
		{0942C43D-C966-4DC3-809F-D40FCA6CBBCD}.Debug|Any CPU.Build.0 = Debug|Any CPU
		{0942C43D-C966-4DC3-809F-D40FCA6CBBCD}.Release|Any CPU.ActiveCfg = Release|Any CPU
		{0942C43D-C966-4DC3-809F-D40FCA6CBBCD}.Release|Any CPU.Build.0 = Release|Any CPU
		{174C114D-95AF-43F9-A052-C76A6C9CD8CC}.Debug|Any CPU.ActiveCfg = Debug|Any CPU
		{174C114D-95AF-43F9-A052-C76A6C9CD8CC}.Release|Any CPU.ActiveCfg = Release|Any CPU
		{1CEFC7DC-BF36-4552-902B-268341774E40}.Debug|Any CPU.ActiveCfg = Debug|Any CPU
		{1CEFC7DC-BF36-4552-902B-268341774E40}.Release|Any CPU.ActiveCfg = Release|Any CPU
		{E77E7D15-A741-4322-9C44-ED836253D94E}.Debug|Any CPU.ActiveCfg = Debug|Any CPU
		{E77E7D15-A741-4322-9C44-ED836253D94E}.Release|Any CPU.ActiveCfg = Release|Any CPU
	EndGlobalSection
	GlobalSection(SolutionProperties) = preSolution
		HideSolutionNode = FALSE
	EndGlobalSection
	GlobalSection(ExtensibilityGlobals) = postSolution
		SolutionGuid = {40AAB6BD-2E47-4D45-BD15-B96D0A9D44D7}
	EndGlobalSection
EndGlobal
