
Microsoft Visual Studio Solution File, Format Version 12.00
# Visual Studio Version 17
VisualStudioVersion = 17.7.34031.279
MinimumVisualStudioVersion = 10.0.40219.1
Project("{FAE04EC0-301F-11D3-BF4B-00C04F79EFBC}") = "HashAndReturnComplexHashingValue", "HashAndReturnComplexHashingValue\HashAndReturnComplexHashingValue.csproj", "{92B54CAB-3C6E-4608-B10D-D72F6541AF08}"
EndProject
Project("{9A19103F-16F7-4668-BE54-9A1E7A4F7556}") = "CaesarCipher", "CaesarCipher\CaesarCipher.csproj", "{F699429A-4A3E-46F2-B4E9-E4B7713BEFC0}"
EndProject
Project("{888888A0-9F3D-457C-B088-3A5042F75D52}") = "CaesarCipher.Py", "CaysarCipher.Py\CaesarCipher.Py.pyproj", "{2E745B5E-E1D7-4DEA-932B-F4A5BB65235D}"
EndProject
Global
	GlobalSection(SolutionConfigurationPlatforms) = preSolution
		Debug|Any CPU = Debug|Any CPU
		Release|Any CPU = Release|Any CPU
	EndGlobalSection
	GlobalSection(ProjectConfigurationPlatforms) = postSolution
		{92B54CAB-3C6E-4608-B10D-D72F6541AF08}.Debug|Any CPU.ActiveCfg = Debug|Any CPU
		{92B54CAB-3C6E-4608-B10D-D72F6541AF08}.Debug|Any CPU.Build.0 = Debug|Any CPU
		{92B54CAB-3C6E-4608-B10D-D72F6541AF08}.Release|Any CPU.ActiveCfg = Release|Any CPU
		{92B54CAB-3C6E-4608-B10D-D72F6541AF08}.Release|Any CPU.Build.0 = Release|Any CPU
		{F699429A-4A3E-46F2-B4E9-E4B7713BEFC0}.Debug|Any CPU.ActiveCfg = Debug|Any CPU
		{F699429A-4A3E-46F2-B4E9-E4B7713BEFC0}.Debug|Any CPU.Build.0 = Debug|Any CPU
		{F699429A-4A3E-46F2-B4E9-E4B7713BEFC0}.Release|Any CPU.ActiveCfg = Release|Any CPU
		{F699429A-4A3E-46F2-B4E9-E4B7713BEFC0}.Release|Any CPU.Build.0 = Release|Any CPU
		{2E745B5E-E1D7-4DEA-932B-F4A5BB65235D}.Debug|Any CPU.ActiveCfg = Debug|Any CPU
		{2E745B5E-E1D7-4DEA-932B-F4A5BB65235D}.Release|Any CPU.ActiveCfg = Release|Any CPU
	EndGlobalSection
	GlobalSection(SolutionProperties) = preSolution
		HideSolutionNode = FALSE
	EndGlobalSection
	GlobalSection(ExtensibilityGlobals) = postSolution
		SolutionGuid = {40AAB6BD-2E47-4D45-BD15-B96D0A9D44D7}
	EndGlobalSection
EndGlobal
